
Microsoft Visual Studio Solution File, Format Version 12.00
# Visual Studio Version 17
VisualStudioVersion = 17.8.34511.84
MinimumVisualStudioVersion = 10.0.40219.1
Project("{FAE04EC0-301F-11D3-BF4B-00C04F79EFBC}") = "ATV3_CJ3021921", "ATV3_CJ3021921\ATV3_CJ3021921.csproj", "{653979CE-F6D5-44A0-84FE-EDF6C8A0E760}"
EndProject
Global
	GlobalSection(SolutionConfigurationPlatforms) = preSolution
		Debug|Any CPU = Debug|Any CPU
		Release|Any CPU = Release|Any CPU
	EndGlobalSection
	GlobalSection(ProjectConfigurationPlatforms) = postSolution
		{653979CE-F6D5-44A0-84FE-EDF6C8A0E760}.Debug|Any CPU.ActiveCfg = Debug|Any CPU
		{653979CE-F6D5-44A0-84FE-EDF6C8A0E760}.Debug|Any CPU.Build.0 = Debug|Any CPU
		{653979CE-F6D5-44A0-84FE-EDF6C8A0E760}.Release|Any CPU.ActiveCfg = Release|Any CPU
		{653979CE-F6D5-44A0-84FE-EDF6C8A0E760}.Release|Any CPU.Build.0 = Release|Any CPU
	EndGlobalSection
	GlobalSection(SolutionProperties) = preSolution
		HideSolutionNode = FALSE
	EndGlobalSection
	GlobalSection(ExtensibilityGlobals) = postSolution
		SolutionGuid = {763F7964-0D70-4EDE-B2AF-BB6CD128715A}
	EndGlobalSection
EndGlobal
